
Microsoft Visual Studio Solution File, Format Version 12.00
# Visual Studio Version 17
VisualStudioVersion = 17.5.33502.453
MinimumVisualStudioVersion = 10.0.40219.1
Project("{2150E333-8FDC-42A3-9474-1A3956D46DE8}") = "Solution Items", "Solution Items", "{6F317757-4A31-414E-A24E-EAE5B96829E6}"
	ProjectSection(SolutionItems) = preProject
		.editorconfig = .editorconfig
	EndProjectSection
EndProject
Project("{FAE04EC0-301F-11D3-BF4B-00C04F79EFBC}") = "CSharpSeleniumFramework", "CSharpSeleniumFramework\CSharpSeleniumFramework.csproj", "{B03CEC07-2CDE-46F9-A8D6-91BB6489DF3D}"
EndProject
Global
	GlobalSection(SolutionConfigurationPlatforms) = preSolution
		Debug|Any CPU = Debug|Any CPU
		Release|Any CPU = Release|Any CPU
	EndGlobalSection
	GlobalSection(ProjectConfigurationPlatforms) = postSolution
		{B03CEC07-2CDE-46F9-A8D6-91BB6489DF3D}.Debug|Any CPU.ActiveCfg = Debug|Any CPU
		{B03CEC07-2CDE-46F9-A8D6-91BB6489DF3D}.Debug|Any CPU.Build.0 = Debug|Any CPU
		{B03CEC07-2CDE-46F9-A8D6-91BB6489DF3D}.Release|Any CPU.ActiveCfg = Release|Any CPU
		{B03CEC07-2CDE-46F9-A8D6-91BB6489DF3D}.Release|Any CPU.Build.0 = Release|Any CPU
	EndGlobalSection
	GlobalSection(SolutionProperties) = preSolution
		HideSolutionNode = FALSE
	EndGlobalSection
	GlobalSection(ExtensibilityGlobals) = postSolution
		SolutionGuid = {6D9D4D4B-44D3-4812-935E-68837F388ECD}
	EndGlobalSection
EndGlobal
